
Microsoft Visual Studio Solution File, Format Version 12.00
# Visual Studio Version 17
VisualStudioVersion = 17.0.31903.59
MinimumVisualStudioVersion = 10.0.40219.1
Project("{2150E333-8FDC-42A3-9474-1A3956D46DE8}") = "src", "src", "{827E0CD3-B72D-47B6-A68D-7590B98EB39B}"
EndProject
Project("{FAE04EC0-301F-11D3-BF4B-00C04F79EFBC}") = "Ludaryx.Api", "src\Ludaryx.Api\Ludaryx.Api.csproj", "{0C698517-9827-4884-90C7-62CD91D71D1A}"
EndProject
Project("{FAE04EC0-301F-11D3-BF4B-00C04F79EFBC}") = "Ludaryx.Application", "src\Ludaryx.Application\Ludaryx.Application.csproj", "{673803E1-E1C4-46F4-BE21-80FD24BF51AB}"
EndProject
Project("{FAE04EC0-301F-11D3-BF4B-00C04F79EFBC}") = "Ludaryx.Domain", "src\Ludaryx.Domain\Ludaryx.Domain.csproj", "{173E234C-C615-4968-B941-543B59B42559}"
EndProject
Project("{FAE04EC0-301F-11D3-BF4B-00C04F79EFBC}") = "Ludaryx.Infrastructure", "src\Ludaryx.Infrastructure\Ludaryx.Infrastructure.csproj", "{4F901BA3-8A49-4568-AC64-B47B20416D2E}"
EndProject
Project("{2150E333-8FDC-42A3-9474-1A3956D46DE8}") = "tests", "tests", "{0AB3BF05-4346-4AA6-1389-037BE0695223}"
EndProject
Project("{FAE04EC0-301F-11D3-BF4B-00C04F79EFBC}") = "Ludaryx.IntegrationTests", "tests\Ludaryx.IntegrationTests\Ludaryx.IntegrationTests.csproj", "{1A306001-352F-45B3-B72E-9C4999319580}"
EndProject
Project("{FAE04EC0-301F-11D3-BF4B-00C04F79EFBC}") = "Ludaryx.UnitTests", "tests\Ludaryx.UnitTests\Ludaryx.UnitTests.csproj", "{F1C99130-CE7A-42D1-9839-D9F56CE67649}"
EndProject
Global
	GlobalSection(SolutionConfigurationPlatforms) = preSolution
		Debug|Any CPU = Debug|Any CPU
		Debug|x64 = Debug|x64
		Debug|x86 = Debug|x86
		Release|Any CPU = Release|Any CPU
		Release|x64 = Release|x64
		Release|x86 = Release|x86
	EndGlobalSection
	GlobalSection(ProjectConfigurationPlatforms) = postSolution
		{0C698517-9827-4884-90C7-62CD91D71D1A}.Debug|Any CPU.ActiveCfg = Debug|Any CPU
		{0C698517-9827-4884-90C7-62CD91D71D1A}.Debug|Any CPU.Build.0 = Debug|Any CPU
		{0C698517-9827-4884-90C7-62CD91D71D1A}.Debug|x64.ActiveCfg = Debug|Any CPU
		{0C698517-9827-4884-90C7-62CD91D71D1A}.Debug|x64.Build.0 = Debug|Any CPU
		{0C698517-9827-4884-90C7-62CD91D71D1A}.Debug|x86.ActiveCfg = Debug|Any CPU
		{0C698517-9827-4884-90C7-62CD91D71D1A}.Debug|x86.Build.0 = Debug|Any CPU
		{0C698517-9827-4884-90C7-62CD91D71D1A}.Release|Any CPU.ActiveCfg = Release|Any CPU
		{0C698517-9827-4884-90C7-62CD91D71D1A}.Release|Any CPU.Build.0 = Release|Any CPU
		{0C698517-9827-4884-90C7-62CD91D71D1A}.Release|x64.ActiveCfg = Release|Any CPU
		{0C698517-9827-4884-90C7-62CD91D71D1A}.Release|x64.Build.0 = Release|Any CPU
		{0C698517-9827-4884-90C7-62CD91D71D1A}.Release|x86.ActiveCfg = Release|Any CPU
		{0C698517-9827-4884-90C7-62CD91D71D1A}.Release|x86.Build.0 = Release|Any CPU
		{673803E1-E1C4-46F4-BE21-80FD24BF51AB}.Debug|Any CPU.ActiveCfg = Debug|Any CPU
		{673803E1-E1C4-46F4-BE21-80FD24BF51AB}.Debug|Any CPU.Build.0 = Debug|Any CPU
		{673803E1-E1C4-46F4-BE21-80FD24BF51AB}.Debug|x64.ActiveCfg = Debug|Any CPU
		{673803E1-E1C4-46F4-BE21-80FD24BF51AB}.Debug|x64.Build.0 = Debug|Any CPU
		{673803E1-E1C4-46F4-BE21-80FD24BF51AB}.Debug|x86.ActiveCfg = Debug|Any CPU
		{673803E1-E1C4-46F4-BE21-80FD24BF51AB}.Debug|x86.Build.0 = Debug|Any CPU
		{673803E1-E1C4-46F4-BE21-80FD24BF51AB}.Release|Any CPU.ActiveCfg = Release|Any CPU
		{673803E1-E1C4-46F4-BE21-80FD24BF51AB}.Release|Any CPU.Build.0 = Release|Any CPU
		{673803E1-E1C4-46F4-BE21-80FD24BF51AB}.Release|x64.ActiveCfg = Release|Any CPU
		{673803E1-E1C4-46F4-BE21-80FD24BF51AB}.Release|x64.Build.0 = Release|Any CPU
		{673803E1-E1C4-46F4-BE21-80FD24BF51AB}.Release|x86.ActiveCfg = Release|Any CPU
		{673803E1-E1C4-46F4-BE21-80FD24BF51AB}.Release|x86.Build.0 = Release|Any CPU
		{173E234C-C615-4968-B941-543B59B42559}.Debug|Any CPU.ActiveCfg = Debug|Any CPU
		{173E234C-C615-4968-B941-543B59B42559}.Debug|Any CPU.Build.0 = Debug|Any CPU
		{173E234C-C615-4968-B941-543B59B42559}.Debug|x64.ActiveCfg = Debug|Any CPU
		{173E234C-C615-4968-B941-543B59B42559}.Debug|x64.Build.0 = Debug|Any CPU
		{173E234C-C615-4968-B941-543B59B42559}.Debug|x86.ActiveCfg = Debug|Any CPU
		{173E234C-C615-4968-B941-543B59B42559}.Debug|x86.Build.0 = Debug|Any CPU
		{173E234C-C615-4968-B941-543B59B42559}.Release|Any CPU.ActiveCfg = Release|Any CPU
		{173E234C-C615-4968-B941-543B59B42559}.Release|Any CPU.Build.0 = Release|Any CPU
		{173E234C-C615-4968-B941-543B59B42559}.Release|x64.ActiveCfg = Release|Any CPU
		{173E234C-C615-4968-B941-543B59B42559}.Release|x64.Build.0 = Release|Any CPU
		{173E234C-C615-4968-B941-543B59B42559}.Release|x86.ActiveCfg = Release|Any CPU
		{173E234C-C615-4968-B941-543B59B42559}.Release|x86.Build.0 = Release|Any CPU
		{4F901BA3-8A49-4568-AC64-B47B20416D2E}.Debug|Any CPU.ActiveCfg = Debug|Any CPU
		{4F901BA3-8A49-4568-AC64-B47B20416D2E}.Debug|Any CPU.Build.0 = Debug|Any CPU
		{4F901BA3-8A49-4568-AC64-B47B20416D2E}.Debug|x64.ActiveCfg = Debug|Any CPU
		{4F901BA3-8A49-4568-AC64-B47B20416D2E}.Debug|x64.Build.0 = Debug|Any CPU
		{4F901BA3-8A49-4568-AC64-B47B20416D2E}.Debug|x86.ActiveCfg = Debug|Any CPU
		{4F901BA3-8A49-4568-AC64-B47B20416D2E}.Debug|x86.Build.0 = Debug|Any CPU
		{4F901BA3-8A49-4568-AC64-B47B20416D2E}.Release|Any CPU.ActiveCfg = Release|Any CPU
		{4F901BA3-8A49-4568-AC64-B47B20416D2E}.Release|Any CPU.Build.0 = Release|Any CPU
		{4F901BA3-8A49-4568-AC64-B47B20416D2E}.Release|x64.ActiveCfg = Release|Any CPU
		{4F901BA3-8A49-4568-AC64-B47B20416D2E}.Release|x64.Build.0 = Release|Any CPU
		{4F901BA3-8A49-4568-AC64-B47B20416D2E}.Release|x86.ActiveCfg = Release|Any CPU
		{4F901BA3-8A49-4568-AC64-B47B20416D2E}.Release|x86.Build.0 = Release|Any CPU
		{1A306001-352F-45B3-B72E-9C4999319580}.Debug|Any CPU.ActiveCfg = Debug|Any CPU
		{1A306001-352F-45B3-B72E-9C4999319580}.Debug|Any CPU.Build.0 = Debug|Any CPU
		{1A306001-352F-45B3-B72E-9C4999319580}.Debug|x64.ActiveCfg = Debug|Any CPU
		{1A306001-352F-45B3-B72E-9C4999319580}.Debug|x64.Build.0 = Debug|Any CPU
		{1A306001-352F-45B3-B72E-9C4999319580}.Debug|x86.ActiveCfg = Debug|Any CPU
		{1A306001-352F-45B3-B72E-9C4999319580}.Debug|x86.Build.0 = Debug|Any CPU
		{1A306001-352F-45B3-B72E-9C4999319580}.Release|Any CPU.ActiveCfg = Release|Any CPU
		{1A306001-352F-45B3-B72E-9C4999319580}.Release|Any CPU.Build.0 = Release|Any CPU
		{1A306001-352F-45B3-B72E-9C4999319580}.Release|x64.ActiveCfg = Release|Any CPU
		{1A306001-352F-45B3-B72E-9C4999319580}.Release|x64.Build.0 = Release|Any CPU
		{1A306001-352F-45B3-B72E-9C4999319580}.Release|x86.ActiveCfg = Release|Any CPU
		{1A306001-352F-45B3-B72E-9C4999319580}.Release|x86.Build.0 = Release|Any CPU
		{F1C99130-CE7A-42D1-9839-D9F56CE67649}.Debug|Any CPU.ActiveCfg = Debug|Any CPU
		{F1C99130-CE7A-42D1-9839-D9F56CE67649}.Debug|Any CPU.Build.0 = Debug|Any CPU
		{F1C99130-CE7A-42D1-9839-D9F56CE67649}.Debug|x64.ActiveCfg = Debug|Any CPU
		{F1C99130-CE7A-42D1-9839-D9F56CE67649}.Debug|x64.Build.0 = Debug|Any CPU
		{F1C99130-CE7A-42D1-9839-D9F56CE67649}.Debug|x86.ActiveCfg = Debug|Any CPU
		{F1C99130-CE7A-42D1-9839-D9F56CE67649}.Debug|x86.Build.0 = Debug|Any CPU
		{F1C99130-CE7A-42D1-9839-D9F56CE67649}.Release|Any CPU.ActiveCfg = Release|Any CPU
		{F1C99130-CE7A-42D1-9839-D9F56CE67649}.Release|Any CPU.Build.0 = Release|Any CPU
		{F1C99130-CE7A-42D1-9839-D9F56CE67649}.Release|x64.ActiveCfg = Release|Any CPU
		{F1C99130-CE7A-42D1-9839-D9F56CE67649}.Release|x64.Build.0 = Release|Any CPU
		{F1C99130-CE7A-42D1-9839-D9F56CE67649}.Release|x86.ActiveCfg = Release|Any CPU
		{F1C99130-CE7A-42D1-9839-D9F56CE67649}.Release|x86.Build.0 = Release|Any CPU
	EndGlobalSection
	GlobalSection(SolutionProperties) = preSolution
		HideSolutionNode = FALSE
	EndGlobalSection
	GlobalSection(NestedProjects) = preSolution
		{0C698517-9827-4884-90C7-62CD91D71D1A} = {827E0CD3-B72D-47B6-A68D-7590B98EB39B}
		{673803E1-E1C4-46F4-BE21-80FD24BF51AB} = {827E0CD3-B72D-47B6-A68D-7590B98EB39B}
		{173E234C-C615-4968-B941-543B59B42559} = {827E0CD3-B72D-47B6-A68D-7590B98EB39B}
		{4F901BA3-8A49-4568-AC64-B47B20416D2E} = {827E0CD3-B72D-47B6-A68D-7590B98EB39B}
		{1A306001-352F-45B3-B72E-9C4999319580} = {0AB3BF05-4346-4AA6-1389-037BE0695223}
		{F1C99130-CE7A-42D1-9839-D9F56CE67649} = {0AB3BF05-4346-4AA6-1389-037BE0695223}
	EndGlobalSection
EndGlobal
